
Microsoft Visual Studio Solution File, Format Version 12.00
# Visual Studio Version 16
VisualStudioVersion = 16.0.31112.23
MinimumVisualStudioVersion = 10.0.40219.1
Project("{FAE04EC0-301F-11D3-BF4B-00C04F79EFBC}") = "LojaSuplemento", "LojaSuplemento\LojaSuplemento.csproj", "{AFE6CB61-62D4-489F-85DB-7BA92CDEFAE0}"
EndProject
Global
	GlobalSection(SolutionConfigurationPlatforms) = preSolution
		Debug|Any CPU = Debug|Any CPU
		Release|Any CPU = Release|Any CPU
	EndGlobalSection
	GlobalSection(ProjectConfigurationPlatforms) = postSolution
		{AFE6CB61-62D4-489F-85DB-7BA92CDEFAE0}.Debug|Any CPU.ActiveCfg = Debug|Any CPU
		{AFE6CB61-62D4-489F-85DB-7BA92CDEFAE0}.Debug|Any CPU.Build.0 = Debug|Any CPU
		{AFE6CB61-62D4-489F-85DB-7BA92CDEFAE0}.Release|Any CPU.ActiveCfg = Release|Any CPU
		{AFE6CB61-62D4-489F-85DB-7BA92CDEFAE0}.Release|Any CPU.Build.0 = Release|Any CPU
	EndGlobalSection
	GlobalSection(SolutionProperties) = preSolution
		HideSolutionNode = FALSE
	EndGlobalSection
	GlobalSection(ExtensibilityGlobals) = postSolution
		SolutionGuid = {D43F5628-D396-46E1-BFAA-0E6C70123EF2}
	EndGlobalSection
EndGlobal
